
Microsoft Visual Studio Solution File, Format Version 12.00
# Visual Studio 15
VisualStudioVersion = 15.0.26730.16
MinimumVisualStudioVersion = 10.0.40219.1
Project("{FAE04EC0-301F-11D3-BF4B-00C04F79EFBC}") = "MyDiary", "MyDiary\MyDiary\MyDiary.csproj", "{59B3CC4A-B032-48DE-B071-3534C2423EDE}"
EndProject
Project("{FAE04EC0-301F-11D3-BF4B-00C04F79EFBC}") = "MyDiary.Android", "MyDiary\MyDiary.Android\MyDiary.Android.csproj", "{DEC94645-269B-43FD-8AD3-D33EA3C43172}"
EndProject
Project("{FAE04EC0-301F-11D3-BF4B-00C04F79EFBC}") = "MyDiary.iOS", "MyDiary\MyDiary.iOS\MyDiary.iOS.csproj", "{43254B2C-0177-4938-9491-E76CC0CB190E}"
EndProject
Global
	GlobalSection(SolutionConfigurationPlatforms) = preSolution
		Debug|Any CPU = Debug|Any CPU
		Debug|iPhone = Debug|iPhone
		Debug|iPhoneSimulator = Debug|iPhoneSimulator
		Release|Any CPU = Release|Any CPU
		Release|iPhone = Release|iPhone
		Release|iPhoneSimulator = Release|iPhoneSimulator
	EndGlobalSection
	GlobalSection(ProjectConfigurationPlatforms) = postSolution
		{59B3CC4A-B032-48DE-B071-3534C2423EDE}.Debug|Any CPU.ActiveCfg = Debug|Any CPU
		{59B3CC4A-B032-48DE-B071-3534C2423EDE}.Debug|Any CPU.Build.0 = Debug|Any CPU
		{59B3CC4A-B032-48DE-B071-3534C2423EDE}.Debug|iPhone.ActiveCfg = Debug|Any CPU
		{59B3CC4A-B032-48DE-B071-3534C2423EDE}.Debug|iPhone.Build.0 = Debug|Any CPU
		{59B3CC4A-B032-48DE-B071-3534C2423EDE}.Debug|iPhoneSimulator.ActiveCfg = Debug|Any CPU
		{59B3CC4A-B032-48DE-B071-3534C2423EDE}.Debug|iPhoneSimulator.Build.0 = Debug|Any CPU
		{59B3CC4A-B032-48DE-B071-3534C2423EDE}.Release|Any CPU.ActiveCfg = Release|Any CPU
		{59B3CC4A-B032-48DE-B071-3534C2423EDE}.Release|Any CPU.Build.0 = Release|Any CPU
		{59B3CC4A-B032-48DE-B071-3534C2423EDE}.Release|iPhone.ActiveCfg = Release|Any CPU
		{59B3CC4A-B032-48DE-B071-3534C2423EDE}.Release|iPhone.Build.0 = Release|Any CPU
		{59B3CC4A-B032-48DE-B071-3534C2423EDE}.Release|iPhoneSimulator.ActiveCfg = Release|Any CPU
		{59B3CC4A-B032-48DE-B071-3534C2423EDE}.Release|iPhoneSimulator.Build.0 = Release|Any CPU
		{DEC94645-269B-43FD-8AD3-D33EA3C43172}.Debug|Any CPU.ActiveCfg = Debug|Any CPU
		{DEC94645-269B-43FD-8AD3-D33EA3C43172}.Debug|Any CPU.Build.0 = Debug|Any CPU
		{DEC94645-269B-43FD-8AD3-D33EA3C43172}.Debug|Any CPU.Deploy.0 = Debug|Any CPU
		{DEC94645-269B-43FD-8AD3-D33EA3C43172}.Debug|iPhone.ActiveCfg = Debug|Any CPU
		{DEC94645-269B-43FD-8AD3-D33EA3C43172}.Debug|iPhone.Build.0 = Debug|Any CPU
		{DEC94645-269B-43FD-8AD3-D33EA3C43172}.Debug|iPhone.Deploy.0 = Debug|Any CPU
		{DEC94645-269B-43FD-8AD3-D33EA3C43172}.Debug|iPhoneSimulator.ActiveCfg = Debug|Any CPU
		{DEC94645-269B-43FD-8AD3-D33EA3C43172}.Debug|iPhoneSimulator.Build.0 = Debug|Any CPU
		{DEC94645-269B-43FD-8AD3-D33EA3C43172}.Debug|iPhoneSimulator.Deploy.0 = Debug|Any CPU
		{DEC94645-269B-43FD-8AD3-D33EA3C43172}.Release|Any CPU.ActiveCfg = Release|Any CPU
		{DEC94645-269B-43FD-8AD3-D33EA3C43172}.Release|Any CPU.Build.0 = Release|Any CPU
		{DEC94645-269B-43FD-8AD3-D33EA3C43172}.Release|Any CPU.Deploy.0 = Release|Any CPU
		{DEC94645-269B-43FD-8AD3-D33EA3C43172}.Release|iPhone.ActiveCfg = Release|Any CPU
		{DEC94645-269B-43FD-8AD3-D33EA3C43172}.Release|iPhone.Build.0 = Release|Any CPU
		{DEC94645-269B-43FD-8AD3-D33EA3C43172}.Release|iPhone.Deploy.0 = Release|Any CPU
		{DEC94645-269B-43FD-8AD3-D33EA3C43172}.Release|iPhoneSimulator.ActiveCfg = Release|Any CPU
		{DEC94645-269B-43FD-8AD3-D33EA3C43172}.Release|iPhoneSimulator.Build.0 = Release|Any CPU
		{DEC94645-269B-43FD-8AD3-D33EA3C43172}.Release|iPhoneSimulator.Deploy.0 = Release|Any CPU
		{43254B2C-0177-4938-9491-E76CC0CB190E}.Debug|Any CPU.ActiveCfg = Debug|iPhone
		{43254B2C-0177-4938-9491-E76CC0CB190E}.Debug|iPhone.ActiveCfg = Debug|iPhone
		{43254B2C-0177-4938-9491-E76CC0CB190E}.Debug|iPhone.Build.0 = Debug|iPhone
		{43254B2C-0177-4938-9491-E76CC0CB190E}.Debug|iPhoneSimulator.ActiveCfg = Debug|iPhoneSimulator
		{43254B2C-0177-4938-9491-E76CC0CB190E}.Debug|iPhoneSimulator.Build.0 = Debug|iPhoneSimulator
		{43254B2C-0177-4938-9491-E76CC0CB190E}.Release|Any CPU.ActiveCfg = Release|iPhone
		{43254B2C-0177-4938-9491-E76CC0CB190E}.Release|iPhone.ActiveCfg = Release|iPhone
		{43254B2C-0177-4938-9491-E76CC0CB190E}.Release|iPhone.Build.0 = Release|iPhone
		{43254B2C-0177-4938-9491-E76CC0CB190E}.Release|iPhoneSimulator.ActiveCfg = Release|iPhoneSimulator
		{43254B2C-0177-4938-9491-E76CC0CB190E}.Release|iPhoneSimulator.Build.0 = Release|iPhoneSimulator
	EndGlobalSection
	GlobalSection(SolutionProperties) = preSolution
		HideSolutionNode = FALSE
	EndGlobalSection
	GlobalSection(ExtensibilityGlobals) = postSolution
		SolutionGuid = {3B5BD289-8F66-4D79-B5A7-000614B5ACE2}
	EndGlobalSection
EndGlobal
