
Microsoft Visual Studio Solution File, Format Version 12.00
# Visual Studio 15
VisualStudioVersion = 15.0.26730.16
MinimumVisualStudioVersion = 10.0.40219.1
Project("{FAE04EC0-301F-11D3-BF4B-00C04F79EFBC}") = "TodoApp.Android", "TodoApp\TodoApp.Android\TodoApp.Android.csproj", "{CA34E016-BA3B-4EF2-98E3-7AE33D5182F3}"
EndProject
Project("{FAE04EC0-301F-11D3-BF4B-00C04F79EFBC}") = "TodoApp", "TodoApp\TodoApp\TodoApp.csproj", "{C18E7B8F-AAA4-4CDE-B75A-A123C461B77F}"
EndProject
Project("{FAE04EC0-301F-11D3-BF4B-00C04F79EFBC}") = "TodoApp.iOS", "TodoApp\TodoApp.iOS\TodoApp.iOS.csproj", "{394911B6-A0F5-400F-A737-06F589AA8BB3}"
EndProject
Global
	GlobalSection(SolutionConfigurationPlatforms) = preSolution
		Ad-Hoc|Any CPU = Ad-Hoc|Any CPU
		Ad-Hoc|iPhone = Ad-Hoc|iPhone
		Ad-Hoc|iPhoneSimulator = Ad-Hoc|iPhoneSimulator
		AppStore|Any CPU = AppStore|Any CPU
		AppStore|iPhone = AppStore|iPhone
		AppStore|iPhoneSimulator = AppStore|iPhoneSimulator
		Debug|Any CPU = Debug|Any CPU
		Debug|iPhone = Debug|iPhone
		Debug|iPhoneSimulator = Debug|iPhoneSimulator
		Release|Any CPU = Release|Any CPU
		Release|iPhone = Release|iPhone
		Release|iPhoneSimulator = Release|iPhoneSimulator
	EndGlobalSection
	GlobalSection(ProjectConfigurationPlatforms) = postSolution
		{CA34E016-BA3B-4EF2-98E3-7AE33D5182F3}.Ad-Hoc|Any CPU.ActiveCfg = Release|Any CPU
		{CA34E016-BA3B-4EF2-98E3-7AE33D5182F3}.Ad-Hoc|Any CPU.Build.0 = Release|Any CPU
		{CA34E016-BA3B-4EF2-98E3-7AE33D5182F3}.Ad-Hoc|Any CPU.Deploy.0 = Release|Any CPU
		{CA34E016-BA3B-4EF2-98E3-7AE33D5182F3}.Ad-Hoc|iPhone.ActiveCfg = Release|Any CPU
		{CA34E016-BA3B-4EF2-98E3-7AE33D5182F3}.Ad-Hoc|iPhone.Build.0 = Release|Any CPU
		{CA34E016-BA3B-4EF2-98E3-7AE33D5182F3}.Ad-Hoc|iPhone.Deploy.0 = Release|Any CPU
		{CA34E016-BA3B-4EF2-98E3-7AE33D5182F3}.Ad-Hoc|iPhoneSimulator.ActiveCfg = Release|Any CPU
		{CA34E016-BA3B-4EF2-98E3-7AE33D5182F3}.Ad-Hoc|iPhoneSimulator.Build.0 = Release|Any CPU
		{CA34E016-BA3B-4EF2-98E3-7AE33D5182F3}.Ad-Hoc|iPhoneSimulator.Deploy.0 = Release|Any CPU
		{CA34E016-BA3B-4EF2-98E3-7AE33D5182F3}.AppStore|Any CPU.ActiveCfg = Release|Any CPU
		{CA34E016-BA3B-4EF2-98E3-7AE33D5182F3}.AppStore|Any CPU.Build.0 = Release|Any CPU
		{CA34E016-BA3B-4EF2-98E3-7AE33D5182F3}.AppStore|Any CPU.Deploy.0 = Release|Any CPU
		{CA34E016-BA3B-4EF2-98E3-7AE33D5182F3}.AppStore|iPhone.ActiveCfg = Release|Any CPU
		{CA34E016-BA3B-4EF2-98E3-7AE33D5182F3}.AppStore|iPhone.Build.0 = Release|Any CPU
		{CA34E016-BA3B-4EF2-98E3-7AE33D5182F3}.AppStore|iPhone.Deploy.0 = Release|Any CPU
		{CA34E016-BA3B-4EF2-98E3-7AE33D5182F3}.AppStore|iPhoneSimulator.ActiveCfg = Release|Any CPU
		{CA34E016-BA3B-4EF2-98E3-7AE33D5182F3}.AppStore|iPhoneSimulator.Build.0 = Release|Any CPU
		{CA34E016-BA3B-4EF2-98E3-7AE33D5182F3}.AppStore|iPhoneSimulator.Deploy.0 = Release|Any CPU
		{CA34E016-BA3B-4EF2-98E3-7AE33D5182F3}.Debug|Any CPU.ActiveCfg = Debug|Any CPU
		{CA34E016-BA3B-4EF2-98E3-7AE33D5182F3}.Debug|Any CPU.Build.0 = Debug|Any CPU
		{CA34E016-BA3B-4EF2-98E3-7AE33D5182F3}.Debug|Any CPU.Deploy.0 = Debug|Any CPU
		{CA34E016-BA3B-4EF2-98E3-7AE33D5182F3}.Debug|iPhone.ActiveCfg = Debug|Any CPU
		{CA34E016-BA3B-4EF2-98E3-7AE33D5182F3}.Debug|iPhone.Build.0 = Debug|Any CPU
		{CA34E016-BA3B-4EF2-98E3-7AE33D5182F3}.Debug|iPhone.Deploy.0 = Debug|Any CPU
		{CA34E016-BA3B-4EF2-98E3-7AE33D5182F3}.Debug|iPhoneSimulator.ActiveCfg = Debug|Any CPU
		{CA34E016-BA3B-4EF2-98E3-7AE33D5182F3}.Debug|iPhoneSimulator.Build.0 = Debug|Any CPU
		{CA34E016-BA3B-4EF2-98E3-7AE33D5182F3}.Debug|iPhoneSimulator.Deploy.0 = Debug|Any CPU
		{CA34E016-BA3B-4EF2-98E3-7AE33D5182F3}.Release|Any CPU.ActiveCfg = Release|Any CPU
		{CA34E016-BA3B-4EF2-98E3-7AE33D5182F3}.Release|Any CPU.Build.0 = Release|Any CPU
		{CA34E016-BA3B-4EF2-98E3-7AE33D5182F3}.Release|Any CPU.Deploy.0 = Release|Any CPU
		{CA34E016-BA3B-4EF2-98E3-7AE33D5182F3}.Release|iPhone.ActiveCfg = Release|Any CPU
		{CA34E016-BA3B-4EF2-98E3-7AE33D5182F3}.Release|iPhone.Build.0 = Release|Any CPU
		{CA34E016-BA3B-4EF2-98E3-7AE33D5182F3}.Release|iPhone.Deploy.0 = Release|Any CPU
		{CA34E016-BA3B-4EF2-98E3-7AE33D5182F3}.Release|iPhoneSimulator.ActiveCfg = Release|Any CPU
		{CA34E016-BA3B-4EF2-98E3-7AE33D5182F3}.Release|iPhoneSimulator.Build.0 = Release|Any CPU
		{CA34E016-BA3B-4EF2-98E3-7AE33D5182F3}.Release|iPhoneSimulator.Deploy.0 = Release|Any CPU
		{C18E7B8F-AAA4-4CDE-B75A-A123C461B77F}.Ad-Hoc|Any CPU.ActiveCfg = Release|Any CPU
		{C18E7B8F-AAA4-4CDE-B75A-A123C461B77F}.Ad-Hoc|Any CPU.Build.0 = Release|Any CPU
		{C18E7B8F-AAA4-4CDE-B75A-A123C461B77F}.Ad-Hoc|iPhone.ActiveCfg = Release|Any CPU
		{C18E7B8F-AAA4-4CDE-B75A-A123C461B77F}.Ad-Hoc|iPhone.Build.0 = Release|Any CPU
		{C18E7B8F-AAA4-4CDE-B75A-A123C461B77F}.Ad-Hoc|iPhoneSimulator.ActiveCfg = Release|Any CPU
		{C18E7B8F-AAA4-4CDE-B75A-A123C461B77F}.Ad-Hoc|iPhoneSimulator.Build.0 = Release|Any CPU
		{C18E7B8F-AAA4-4CDE-B75A-A123C461B77F}.AppStore|Any CPU.ActiveCfg = Release|Any CPU
		{C18E7B8F-AAA4-4CDE-B75A-A123C461B77F}.AppStore|Any CPU.Build.0 = Release|Any CPU
		{C18E7B8F-AAA4-4CDE-B75A-A123C461B77F}.AppStore|iPhone.ActiveCfg = Release|Any CPU
		{C18E7B8F-AAA4-4CDE-B75A-A123C461B77F}.AppStore|iPhone.Build.0 = Release|Any CPU
		{C18E7B8F-AAA4-4CDE-B75A-A123C461B77F}.AppStore|iPhoneSimulator.ActiveCfg = Release|Any CPU
		{C18E7B8F-AAA4-4CDE-B75A-A123C461B77F}.AppStore|iPhoneSimulator.Build.0 = Release|Any CPU
		{C18E7B8F-AAA4-4CDE-B75A-A123C461B77F}.Debug|Any CPU.ActiveCfg = Debug|Any CPU
		{C18E7B8F-AAA4-4CDE-B75A-A123C461B77F}.Debug|Any CPU.Build.0 = Debug|Any CPU
		{C18E7B8F-AAA4-4CDE-B75A-A123C461B77F}.Debug|iPhone.ActiveCfg = Debug|Any CPU
		{C18E7B8F-AAA4-4CDE-B75A-A123C461B77F}.Debug|iPhone.Build.0 = Debug|Any CPU
		{C18E7B8F-AAA4-4CDE-B75A-A123C461B77F}.Debug|iPhoneSimulator.ActiveCfg = Debug|Any CPU
		{C18E7B8F-AAA4-4CDE-B75A-A123C461B77F}.Debug|iPhoneSimulator.Build.0 = Debug|Any CPU
		{C18E7B8F-AAA4-4CDE-B75A-A123C461B77F}.Release|Any CPU.ActiveCfg = Release|Any CPU
		{C18E7B8F-AAA4-4CDE-B75A-A123C461B77F}.Release|Any CPU.Build.0 = Release|Any CPU
		{C18E7B8F-AAA4-4CDE-B75A-A123C461B77F}.Release|iPhone.ActiveCfg = Release|Any CPU
		{C18E7B8F-AAA4-4CDE-B75A-A123C461B77F}.Release|iPhone.Build.0 = Release|Any CPU
		{C18E7B8F-AAA4-4CDE-B75A-A123C461B77F}.Release|iPhoneSimulator.ActiveCfg = Release|Any CPU
		{C18E7B8F-AAA4-4CDE-B75A-A123C461B77F}.Release|iPhoneSimulator.Build.0 = Release|Any CPU
		{394911B6-A0F5-400F-A737-06F589AA8BB3}.Ad-Hoc|Any CPU.ActiveCfg = Ad-Hoc|iPhone
		{394911B6-A0F5-400F-A737-06F589AA8BB3}.Ad-Hoc|iPhone.ActiveCfg = Ad-Hoc|iPhone
		{394911B6-A0F5-400F-A737-06F589AA8BB3}.Ad-Hoc|iPhone.Build.0 = Ad-Hoc|iPhone
		{394911B6-A0F5-400F-A737-06F589AA8BB3}.Ad-Hoc|iPhoneSimulator.ActiveCfg = Ad-Hoc|iPhoneSimulator
		{394911B6-A0F5-400F-A737-06F589AA8BB3}.Ad-Hoc|iPhoneSimulator.Build.0 = Ad-Hoc|iPhoneSimulator
		{394911B6-A0F5-400F-A737-06F589AA8BB3}.AppStore|Any CPU.ActiveCfg = AppStore|iPhone
		{394911B6-A0F5-400F-A737-06F589AA8BB3}.AppStore|iPhone.ActiveCfg = AppStore|iPhone
		{394911B6-A0F5-400F-A737-06F589AA8BB3}.AppStore|iPhone.Build.0 = AppStore|iPhone
		{394911B6-A0F5-400F-A737-06F589AA8BB3}.AppStore|iPhoneSimulator.ActiveCfg = AppStore|iPhoneSimulator
		{394911B6-A0F5-400F-A737-06F589AA8BB3}.AppStore|iPhoneSimulator.Build.0 = AppStore|iPhoneSimulator
		{394911B6-A0F5-400F-A737-06F589AA8BB3}.Debug|Any CPU.ActiveCfg = Debug|iPhone
		{394911B6-A0F5-400F-A737-06F589AA8BB3}.Debug|iPhone.ActiveCfg = Debug|iPhone
		{394911B6-A0F5-400F-A737-06F589AA8BB3}.Debug|iPhone.Build.0 = Debug|iPhone
		{394911B6-A0F5-400F-A737-06F589AA8BB3}.Debug|iPhoneSimulator.ActiveCfg = Debug|iPhoneSimulator
		{394911B6-A0F5-400F-A737-06F589AA8BB3}.Debug|iPhoneSimulator.Build.0 = Debug|iPhoneSimulator
		{394911B6-A0F5-400F-A737-06F589AA8BB3}.Release|Any CPU.ActiveCfg = Release|iPhone
		{394911B6-A0F5-400F-A737-06F589AA8BB3}.Release|iPhone.ActiveCfg = Release|iPhone
		{394911B6-A0F5-400F-A737-06F589AA8BB3}.Release|iPhone.Build.0 = Release|iPhone
		{394911B6-A0F5-400F-A737-06F589AA8BB3}.Release|iPhoneSimulator.ActiveCfg = Release|iPhoneSimulator
		{394911B6-A0F5-400F-A737-06F589AA8BB3}.Release|iPhoneSimulator.Build.0 = Release|iPhoneSimulator
	EndGlobalSection
	GlobalSection(SolutionProperties) = preSolution
		HideSolutionNode = FALSE
	EndGlobalSection
	GlobalSection(ExtensibilityGlobals) = postSolution
		SolutionGuid = {775679AB-652C-4BA5-9761-09F74EA1438D}
	EndGlobalSection
EndGlobal
