
Microsoft Visual Studio Solution File, Format Version 12.00
# Visual Studio 15
VisualStudioVersion = 15.0.27130.2003
MinimumVisualStudioVersion = 10.0.40219.1
Project("{FAE04EC0-301F-11D3-BF4B-00C04F79EFBC}") = "SlidingTabLayout", "SlidingTabLayout\SlidingTabLayout.csproj", "{ACDE7FBE-BE94-4B31-9919-79B70BFD359C}"
EndProject
Global
	GlobalSection(SolutionConfigurationPlatforms) = preSolution
		Debug|Any CPU = Debug|Any CPU
		Release|Any CPU = Release|Any CPU
	EndGlobalSection
	GlobalSection(ProjectConfigurationPlatforms) = postSolution
		{ACDE7FBE-BE94-4B31-9919-79B70BFD359C}.Debug|Any CPU.ActiveCfg = Debug|Any CPU
		{ACDE7FBE-BE94-4B31-9919-79B70BFD359C}.Debug|Any CPU.Build.0 = Debug|Any CPU
		{ACDE7FBE-BE94-4B31-9919-79B70BFD359C}.Debug|Any CPU.Deploy.0 = Debug|Any CPU
		{ACDE7FBE-BE94-4B31-9919-79B70BFD359C}.Release|Any CPU.ActiveCfg = Release|Any CPU
		{ACDE7FBE-BE94-4B31-9919-79B70BFD359C}.Release|Any CPU.Build.0 = Release|Any CPU
		{ACDE7FBE-BE94-4B31-9919-79B70BFD359C}.Release|Any CPU.Deploy.0 = Release|Any CPU
	EndGlobalSection
	GlobalSection(SolutionProperties) = preSolution
		HideSolutionNode = FALSE
	EndGlobalSection
	GlobalSection(ExtensibilityGlobals) = postSolution
		SolutionGuid = {1936572C-AB62-4F38-8A5A-0F5670F89495}
	EndGlobalSection
EndGlobal
