
Microsoft Visual Studio Solution File, Format Version 12.00
# Visual Studio 15
VisualStudioVersion = 15.0.26730.16
MinimumVisualStudioVersion = 10.0.40219.1
Project("{FAE04EC0-301F-11D3-BF4B-00C04F79EFBC}") = "Demo.Android", "Demo\Demo.Android\Demo.Android.csproj", "{EF56A52F-C54D-4B3A-B289-FC0E76D84B6D}"
EndProject
Project("{FAE04EC0-301F-11D3-BF4B-00C04F79EFBC}") = "Demo", "Demo\Demo\Demo.csproj", "{B8799D68-5D31-456D-8D03-D1F0309BE7CF}"
EndProject
Project("{FAE04EC0-301F-11D3-BF4B-00C04F79EFBC}") = "Demo.iOS", "Demo\Demo.iOS\Demo.iOS.csproj", "{7B64C5C0-F47A-4002-88B0-32E7550E09A2}"
EndProject
Global
	GlobalSection(SolutionConfigurationPlatforms) = preSolution
		Ad-Hoc|Any CPU = Ad-Hoc|Any CPU
		Ad-Hoc|iPhone = Ad-Hoc|iPhone
		Ad-Hoc|iPhoneSimulator = Ad-Hoc|iPhoneSimulator
		AppStore|Any CPU = AppStore|Any CPU
		AppStore|iPhone = AppStore|iPhone
		AppStore|iPhoneSimulator = AppStore|iPhoneSimulator
		Debug|Any CPU = Debug|Any CPU
		Debug|iPhone = Debug|iPhone
		Debug|iPhoneSimulator = Debug|iPhoneSimulator
		Release|Any CPU = Release|Any CPU
		Release|iPhone = Release|iPhone
		Release|iPhoneSimulator = Release|iPhoneSimulator
	EndGlobalSection
	GlobalSection(ProjectConfigurationPlatforms) = postSolution
		{EF56A52F-C54D-4B3A-B289-FC0E76D84B6D}.Ad-Hoc|Any CPU.ActiveCfg = Release|Any CPU
		{EF56A52F-C54D-4B3A-B289-FC0E76D84B6D}.Ad-Hoc|Any CPU.Build.0 = Release|Any CPU
		{EF56A52F-C54D-4B3A-B289-FC0E76D84B6D}.Ad-Hoc|Any CPU.Deploy.0 = Release|Any CPU
		{EF56A52F-C54D-4B3A-B289-FC0E76D84B6D}.Ad-Hoc|iPhone.ActiveCfg = Release|Any CPU
		{EF56A52F-C54D-4B3A-B289-FC0E76D84B6D}.Ad-Hoc|iPhone.Build.0 = Release|Any CPU
		{EF56A52F-C54D-4B3A-B289-FC0E76D84B6D}.Ad-Hoc|iPhone.Deploy.0 = Release|Any CPU
		{EF56A52F-C54D-4B3A-B289-FC0E76D84B6D}.Ad-Hoc|iPhoneSimulator.ActiveCfg = Release|Any CPU
		{EF56A52F-C54D-4B3A-B289-FC0E76D84B6D}.Ad-Hoc|iPhoneSimulator.Build.0 = Release|Any CPU
		{EF56A52F-C54D-4B3A-B289-FC0E76D84B6D}.Ad-Hoc|iPhoneSimulator.Deploy.0 = Release|Any CPU
		{EF56A52F-C54D-4B3A-B289-FC0E76D84B6D}.AppStore|Any CPU.ActiveCfg = Release|Any CPU
		{EF56A52F-C54D-4B3A-B289-FC0E76D84B6D}.AppStore|Any CPU.Build.0 = Release|Any CPU
		{EF56A52F-C54D-4B3A-B289-FC0E76D84B6D}.AppStore|Any CPU.Deploy.0 = Release|Any CPU
		{EF56A52F-C54D-4B3A-B289-FC0E76D84B6D}.AppStore|iPhone.ActiveCfg = Release|Any CPU
		{EF56A52F-C54D-4B3A-B289-FC0E76D84B6D}.AppStore|iPhone.Build.0 = Release|Any CPU
		{EF56A52F-C54D-4B3A-B289-FC0E76D84B6D}.AppStore|iPhone.Deploy.0 = Release|Any CPU
		{EF56A52F-C54D-4B3A-B289-FC0E76D84B6D}.AppStore|iPhoneSimulator.ActiveCfg = Release|Any CPU
		{EF56A52F-C54D-4B3A-B289-FC0E76D84B6D}.AppStore|iPhoneSimulator.Build.0 = Release|Any CPU
		{EF56A52F-C54D-4B3A-B289-FC0E76D84B6D}.AppStore|iPhoneSimulator.Deploy.0 = Release|Any CPU
		{EF56A52F-C54D-4B3A-B289-FC0E76D84B6D}.Debug|Any CPU.ActiveCfg = Debug|Any CPU
		{EF56A52F-C54D-4B3A-B289-FC0E76D84B6D}.Debug|Any CPU.Build.0 = Debug|Any CPU
		{EF56A52F-C54D-4B3A-B289-FC0E76D84B6D}.Debug|Any CPU.Deploy.0 = Debug|Any CPU
		{EF56A52F-C54D-4B3A-B289-FC0E76D84B6D}.Debug|iPhone.ActiveCfg = Debug|Any CPU
		{EF56A52F-C54D-4B3A-B289-FC0E76D84B6D}.Debug|iPhone.Build.0 = Debug|Any CPU
		{EF56A52F-C54D-4B3A-B289-FC0E76D84B6D}.Debug|iPhone.Deploy.0 = Debug|Any CPU
		{EF56A52F-C54D-4B3A-B289-FC0E76D84B6D}.Debug|iPhoneSimulator.ActiveCfg = Debug|Any CPU
		{EF56A52F-C54D-4B3A-B289-FC0E76D84B6D}.Debug|iPhoneSimulator.Build.0 = Debug|Any CPU
		{EF56A52F-C54D-4B3A-B289-FC0E76D84B6D}.Debug|iPhoneSimulator.Deploy.0 = Debug|Any CPU
		{EF56A52F-C54D-4B3A-B289-FC0E76D84B6D}.Release|Any CPU.ActiveCfg = Release|Any CPU
		{EF56A52F-C54D-4B3A-B289-FC0E76D84B6D}.Release|Any CPU.Build.0 = Release|Any CPU
		{EF56A52F-C54D-4B3A-B289-FC0E76D84B6D}.Release|Any CPU.Deploy.0 = Release|Any CPU
		{EF56A52F-C54D-4B3A-B289-FC0E76D84B6D}.Release|iPhone.ActiveCfg = Release|Any CPU
		{EF56A52F-C54D-4B3A-B289-FC0E76D84B6D}.Release|iPhone.Build.0 = Release|Any CPU
		{EF56A52F-C54D-4B3A-B289-FC0E76D84B6D}.Release|iPhone.Deploy.0 = Release|Any CPU
		{EF56A52F-C54D-4B3A-B289-FC0E76D84B6D}.Release|iPhoneSimulator.ActiveCfg = Release|Any CPU
		{EF56A52F-C54D-4B3A-B289-FC0E76D84B6D}.Release|iPhoneSimulator.Build.0 = Release|Any CPU
		{EF56A52F-C54D-4B3A-B289-FC0E76D84B6D}.Release|iPhoneSimulator.Deploy.0 = Release|Any CPU
		{B8799D68-5D31-456D-8D03-D1F0309BE7CF}.Ad-Hoc|Any CPU.ActiveCfg = Release|Any CPU
		{B8799D68-5D31-456D-8D03-D1F0309BE7CF}.Ad-Hoc|Any CPU.Build.0 = Release|Any CPU
		{B8799D68-5D31-456D-8D03-D1F0309BE7CF}.Ad-Hoc|iPhone.ActiveCfg = Release|Any CPU
		{B8799D68-5D31-456D-8D03-D1F0309BE7CF}.Ad-Hoc|iPhone.Build.0 = Release|Any CPU
		{B8799D68-5D31-456D-8D03-D1F0309BE7CF}.Ad-Hoc|iPhoneSimulator.ActiveCfg = Release|Any CPU
		{B8799D68-5D31-456D-8D03-D1F0309BE7CF}.Ad-Hoc|iPhoneSimulator.Build.0 = Release|Any CPU
		{B8799D68-5D31-456D-8D03-D1F0309BE7CF}.AppStore|Any CPU.ActiveCfg = Release|Any CPU
		{B8799D68-5D31-456D-8D03-D1F0309BE7CF}.AppStore|Any CPU.Build.0 = Release|Any CPU
		{B8799D68-5D31-456D-8D03-D1F0309BE7CF}.AppStore|iPhone.ActiveCfg = Release|Any CPU
		{B8799D68-5D31-456D-8D03-D1F0309BE7CF}.AppStore|iPhone.Build.0 = Release|Any CPU
		{B8799D68-5D31-456D-8D03-D1F0309BE7CF}.AppStore|iPhoneSimulator.ActiveCfg = Release|Any CPU
		{B8799D68-5D31-456D-8D03-D1F0309BE7CF}.AppStore|iPhoneSimulator.Build.0 = Release|Any CPU
		{B8799D68-5D31-456D-8D03-D1F0309BE7CF}.Debug|Any CPU.ActiveCfg = Debug|Any CPU
		{B8799D68-5D31-456D-8D03-D1F0309BE7CF}.Debug|Any CPU.Build.0 = Debug|Any CPU
		{B8799D68-5D31-456D-8D03-D1F0309BE7CF}.Debug|iPhone.ActiveCfg = Debug|Any CPU
		{B8799D68-5D31-456D-8D03-D1F0309BE7CF}.Debug|iPhone.Build.0 = Debug|Any CPU
		{B8799D68-5D31-456D-8D03-D1F0309BE7CF}.Debug|iPhoneSimulator.ActiveCfg = Debug|Any CPU
		{B8799D68-5D31-456D-8D03-D1F0309BE7CF}.Debug|iPhoneSimulator.Build.0 = Debug|Any CPU
		{B8799D68-5D31-456D-8D03-D1F0309BE7CF}.Release|Any CPU.ActiveCfg = Release|Any CPU
		{B8799D68-5D31-456D-8D03-D1F0309BE7CF}.Release|Any CPU.Build.0 = Release|Any CPU
		{B8799D68-5D31-456D-8D03-D1F0309BE7CF}.Release|iPhone.ActiveCfg = Release|Any CPU
		{B8799D68-5D31-456D-8D03-D1F0309BE7CF}.Release|iPhone.Build.0 = Release|Any CPU
		{B8799D68-5D31-456D-8D03-D1F0309BE7CF}.Release|iPhoneSimulator.ActiveCfg = Release|Any CPU
		{B8799D68-5D31-456D-8D03-D1F0309BE7CF}.Release|iPhoneSimulator.Build.0 = Release|Any CPU
		{7B64C5C0-F47A-4002-88B0-32E7550E09A2}.Ad-Hoc|Any CPU.ActiveCfg = Ad-Hoc|iPhone
		{7B64C5C0-F47A-4002-88B0-32E7550E09A2}.Ad-Hoc|iPhone.ActiveCfg = Ad-Hoc|iPhone
		{7B64C5C0-F47A-4002-88B0-32E7550E09A2}.Ad-Hoc|iPhone.Build.0 = Ad-Hoc|iPhone
		{7B64C5C0-F47A-4002-88B0-32E7550E09A2}.Ad-Hoc|iPhoneSimulator.ActiveCfg = Ad-Hoc|iPhoneSimulator
		{7B64C5C0-F47A-4002-88B0-32E7550E09A2}.Ad-Hoc|iPhoneSimulator.Build.0 = Ad-Hoc|iPhoneSimulator
		{7B64C5C0-F47A-4002-88B0-32E7550E09A2}.AppStore|Any CPU.ActiveCfg = AppStore|iPhone
		{7B64C5C0-F47A-4002-88B0-32E7550E09A2}.AppStore|iPhone.ActiveCfg = AppStore|iPhone
		{7B64C5C0-F47A-4002-88B0-32E7550E09A2}.AppStore|iPhone.Build.0 = AppStore|iPhone
		{7B64C5C0-F47A-4002-88B0-32E7550E09A2}.AppStore|iPhoneSimulator.ActiveCfg = AppStore|iPhoneSimulator
		{7B64C5C0-F47A-4002-88B0-32E7550E09A2}.AppStore|iPhoneSimulator.Build.0 = AppStore|iPhoneSimulator
		{7B64C5C0-F47A-4002-88B0-32E7550E09A2}.Debug|Any CPU.ActiveCfg = Debug|iPhone
		{7B64C5C0-F47A-4002-88B0-32E7550E09A2}.Debug|iPhone.ActiveCfg = Debug|iPhone
		{7B64C5C0-F47A-4002-88B0-32E7550E09A2}.Debug|iPhone.Build.0 = Debug|iPhone
		{7B64C5C0-F47A-4002-88B0-32E7550E09A2}.Debug|iPhoneSimulator.ActiveCfg = Debug|iPhoneSimulator
		{7B64C5C0-F47A-4002-88B0-32E7550E09A2}.Debug|iPhoneSimulator.Build.0 = Debug|iPhoneSimulator
		{7B64C5C0-F47A-4002-88B0-32E7550E09A2}.Release|Any CPU.ActiveCfg = Release|iPhone
		{7B64C5C0-F47A-4002-88B0-32E7550E09A2}.Release|iPhone.ActiveCfg = Release|iPhone
		{7B64C5C0-F47A-4002-88B0-32E7550E09A2}.Release|iPhone.Build.0 = Release|iPhone
		{7B64C5C0-F47A-4002-88B0-32E7550E09A2}.Release|iPhoneSimulator.ActiveCfg = Release|iPhoneSimulator
		{7B64C5C0-F47A-4002-88B0-32E7550E09A2}.Release|iPhoneSimulator.Build.0 = Release|iPhoneSimulator
	EndGlobalSection
	GlobalSection(SolutionProperties) = preSolution
		HideSolutionNode = FALSE
	EndGlobalSection
	GlobalSection(ExtensibilityGlobals) = postSolution
		SolutionGuid = {7D49E037-2243-4752-96B5-D237AF1F281D}
	EndGlobalSection
EndGlobal
